
Microsoft Visual Studio Solution File, Format Version 12.00
# Visual Studio Version 16
VisualStudioVersion = 16.0.31624.102
MinimumVisualStudioVersion = 10.0.40219.1
Project("{FAE04EC0-301F-11D3-BF4B-00C04F79EFBC}") = "GitKeeper", "GitKeeper.csproj", "{5055F9E8-62A4-4BB4-B5BF-EC5E490334D5}"
EndProject
Global
	GlobalSection(SolutionConfigurationPlatforms) = preSolution
		Debug|Any CPU = Debug|Any CPU
		Release|Any CPU = Release|Any CPU
	EndGlobalSection
	GlobalSection(ProjectConfigurationPlatforms) = postSolution
		{5055F9E8-62A4-4BB4-B5BF-EC5E490334D5}.Debug|Any CPU.ActiveCfg = Debug|Any CPU
		{5055F9E8-62A4-4BB4-B5BF-EC5E490334D5}.Debug|Any CPU.Build.0 = Debug|Any CPU
		{5055F9E8-62A4-4BB4-B5BF-EC5E490334D5}.Release|Any CPU.ActiveCfg = Release|Any CPU
		{5055F9E8-62A4-4BB4-B5BF-EC5E490334D5}.Release|Any CPU.Build.0 = Release|Any CPU
	EndGlobalSection
	GlobalSection(SolutionProperties) = preSolution
		HideSolutionNode = FALSE
	EndGlobalSection
	GlobalSection(ExtensibilityGlobals) = postSolution
		SolutionGuid = {314EB44E-4D96-46BF-8B59-45CF402FDB07}
	EndGlobalSection
EndGlobal
